<Solution>
  <Project Path="src/FiddlerClassicCLI.Protocol/FiddlerClassicCLI.Protocol.csproj" />
  <Project Path="src/FiddlerClassicCLI.Bridge/FiddlerClassicCLI.Bridge.csproj" />
  <Project Path="src/FiddlerClassicCLI.Host/FiddlerClassicCLI.Host.csproj" />
  <Project Path="tests/FiddlerClassicCLI.Tests/FiddlerClassicCLI.Tests.csproj" />
  <Project Path="tests/FiddlerClassicCLI.Bridge.Tests/FiddlerClassicCLI.Bridge.Tests.csproj" />
</Solution>
